{
  "name": "smtp-server",
  "version": "1.0.0",
  "lockfileVersion": 3,
  "requires": true,
  "packages": {
    "": {
      "name": "smtp-server",
      "version": "1.0.0",
      "license": "ISC",
      "dependencies": {
        "dotenv": "^17.4.2",
        "smtp-server": "^3.18.5"
      }
    },
    "node_modules/dotenv": {
      "version": "17.4.2",
      "resolved": "https://registry.npmjs.org/dotenv/-/dotenv-17.4.2.tgz",
      "integrity": "sha512-nI4U3TottKAcAD9LLud4Cb7b2QztQMUEfHbvhTH09bqXTxnSie8WnjPALV/WMCrJZ6UV/qHJ6L03OqO3LcdYZw==",
      "license": "BSD-2-Clause",
      "engines": {
        "node": ">=12"
      },
      "funding": {
        "url": "https://dotenvx.com"
      }
    },
    "node_modules/ipv6-normalize": {
      "version": "1.0.1",
      "resolved": "https://registry.npmjs.org/ipv6-normalize/-/ipv6-normalize-1.0.1.tgz",
      "integrity": "sha512-Bm6H79i01DjgGTCWjUuCjJ6QDo1HB96PT/xCYuyJUP9WFbVDrLSbG4EZCvOCun2rNswZb0c3e4Jt/ws795esHA==",
      "license": "MIT"
    },
    "node_modules/nodemailer": {
      "version": "8.0.10",
      "resolved": "https://registry.npmjs.org/nodemailer/-/nodemailer-8.0.10.tgz",
      "integrity": "sha512-BLFuSth7QtHOkBzyqTehWWyub0NTRDuK2Q2SQfnGLsrJnzyU+Yeh4WpV1eZGuARFj1xQJHIdnTuJZLP+b9R1GQ==",
      "license": "MIT-0",
      "engines": {
        "node": ">=6.0.0"
      }
    },
    "node_modules/punycode.js": {
      "version": "2.3.1",
      "resolved": "https://registry.npmjs.org/punycode.js/-/punycode.js-2.3.1.tgz",
      "integrity": "sha512-uxFIHU0YlHYhDQtV4R9J6a52SLx28BCjT+4ieh7IGbgwVJWO+km431c4yRlREUAsAmt/uMjQUyQHNEPf0M39CA==",
      "license": "MIT",
      "engines": {
        "node": ">=6"
      }
    },
    "node_modules/smtp-server": {
      "version": "3.18.5",
      "resolved": "https://registry.npmjs.org/smtp-server/-/smtp-server-3.18.5.tgz",
      "integrity": "sha512-7QSg3x8vMT2VR1XBBUfYKU6w6Qzxal9sHDK2oHzH8Wbhd/FJ4+L43KK6N/jAkrmVET6WIRghZ+e0k3k9OgMISA==",
      "license": "MIT-0",
      "dependencies": {
        "ipv6-normalize": "1.0.1",
        "nodemailer": "8.0.10",
        "punycode.js": "2.3.1"
      },
      "engines": {
        "node": ">=18.18.0"
      }
    }
  }
}
